# This file is autogenerated, do not edit; changes may be undone by the next 'dep ensure'.


[[projects]]
  digest = "1:55388fd080150b9a072912f97b1f5891eb0b50df43401f8b75fb4273d3fec9fc"
  name = "github.com/Masterminds/semver"
  packages = ["."]
  pruneopts = "UT"
  revision = "c7af12943936e8c39859482e61f0574c2fd7fc75"
  version = "v1.4.2"

[[projects]]
  digest = "1:f69f3dd5ddb194ab787d0fd8e3ac382576d4f80c36584b70713656d5c72fca70"
  name = "github.com/bmatcuk/doublestar"
  packages = ["."]
  pruneopts = "UT"
  revision = "2437321e1473408f122a95f65df3d8841fec4fba"
  version = "v1.1.5"

[[projects]]
  digest = "1:26f2ad8a198a88c3605401186a6be538326e7fbf1f14cb3ef4e0027c4f755f2a"
  name = "github.com/gofrs/uuid"
  packages = ["."]
  pruneopts = "UT"
  revision = "d41eeda0759468834c84365a32d1b1ec4264c75f"
  version = "v3.1.0"

[[projects]]
  digest = "1:caf6db28595425c0e0f2301a00257d11712f65c1878e12cffc42f6b9a9cf3f23"
  name = "github.com/kardianos/osext"
  packages = ["."]
  pruneopts = "UT"
  revision = "ae77be60afb1dcacde03767a8c37337fad28ac14"

[[projects]]
  digest = "1:291ac1338e8f57e48e217c86865308799d9d0331001f9743bb39c63083a16304"
  name = "github.com/kardianos/service"
  packages = ["."]
  pruneopts = "UT"
  revision = "8f267d80f2eb68998661a325c0e53fca4485e626"

[[projects]]
  digest = "1:58b916711138679e5a720334922e270bb8f789c8174e58d460f0a43ee7b9dac6"
  name = "github.com/mh-cbon/stringexec"
  packages = ["."]
  pruneopts = "UT"
  revision = "bc348d279f975052c5169eedf4efb1bc0469453f"
  version = "0.0.1"

[[projects]]
  digest = "1:b24d38b282bacf9791408a080f606370efa3d364e4b5fd9ba0f7b87786d3b679"
  name = "github.com/urfave/cli"
  packages = ["."]
  pruneopts = "UT"
  revision = "cfb38830724cc34fedffe9a2a29fb54fa9169cd1"
  version = "v1.20.0"

[[projects]]
  digest = "1:f88704625b5c1491c3579e6dc2f851aa961c2cb2ef5e1a272de6fd831bfb5ff4"
  name = "golang.org/x/sys"
  packages = [
    "windows",
    "windows/registry",
    "windows/svc",
    "windows/svc/eventlog",
    "windows/svc/mgr",
  ]
  pruneopts = "UT"
  revision = "9a2e24c3733eddc63871eda99f253e2db29bd3b9"

[[projects]]
  digest = "1:9381b46f7907788ac3f1cbc6c56887a8149f588dca778595dc61628777536690"
  name = "golang.org/x/text"
  packages = [
    "encoding",
    "encoding/charmap",
    "encoding/internal",
    "encoding/internal/identifier",
    "encoding/unicode",
    "internal/gen",
    "internal/utf8internal",
    "runes",
    "transform",
    "unicode/cldr",
  ]
  pruneopts = "UT"
  revision = "6e3c4e7365ddcc329f090f96e4348398f6310088"

[solve-meta]
  analyzer-name = "dep"
  analyzer-version = 1
  input-imports = [
    "github.com/Masterminds/semver",
    "github.com/bmatcuk/doublestar",
    "github.com/gofrs/uuid",
    "github.com/kardianos/service",
    "github.com/mh-cbon/stringexec",
    "github.com/urfave/cli",
    "golang.org/x/sys/windows/svc",
    "golang.org/x/sys/windows/svc/mgr",
    "golang.org/x/text/encoding/charmap",
    "golang.org/x/text/encoding/unicode",
    "golang.org/x/text/runes",
    "golang.org/x/text/transform",
  ]
  solver-name = "gps-cdcl"
  solver-version = 1
